
Microsoft Visual Studio Solution File, Format Version 12.00
# Visual Studio Version 17
VisualStudioVersion = 17.3.32929.385
MinimumVisualStudioVersion = 10.0.40219.1
Project("{FAE04EC0-301F-11D3-BF4B-00C04F79EFBC}") = "Lab_1101", "Lab_1101\Lab_1101.csproj", "{8F330837-6ECC-42EB-89EB-8FDC480A9B3C}"
EndProject
Global
	GlobalSection(SolutionConfigurationPlatforms) = preSolution
		Debug|Any CPU = Debug|Any CPU
		Release|Any CPU = Release|Any CPU
	EndGlobalSection
	GlobalSection(ProjectConfigurationPlatforms) = postSolution
		{8F330837-6ECC-42EB-89EB-8FDC480A9B3C}.Debug|Any CPU.ActiveCfg = Debug|Any CPU
		{8F330837-6ECC-42EB-89EB-8FDC480A9B3C}.Debug|Any CPU.Build.0 = Debug|Any CPU
		{8F330837-6ECC-42EB-89EB-8FDC480A9B3C}.Release|Any CPU.ActiveCfg = Release|Any CPU
		{8F330837-6ECC-42EB-89EB-8FDC480A9B3C}.Release|Any CPU.Build.0 = Release|Any CPU
	EndGlobalSection
	GlobalSection(SolutionProperties) = preSolution
		HideSolutionNode = FALSE
	EndGlobalSection
	GlobalSection(ExtensibilityGlobals) = postSolution
		SolutionGuid = {296E58EF-1D4D-4148-955E-BF993BBF8227}
	EndGlobalSection
EndGlobal
