
Microsoft Visual Studio Solution File, Format Version 12.00
# Visual Studio Version 17
VisualStudioVersion = 17.3.32929.385
MinimumVisualStudioVersion = 10.0.40219.1
Project("{FAE04EC0-301F-11D3-BF4B-00C04F79EFBC}") = "Lab_1107", "Lab_1107\Lab_1107.csproj", "{D6BABF9C-2CB1-4051-A03C-32D300777607}"
EndProject
Global
	GlobalSection(SolutionConfigurationPlatforms) = preSolution
		Debug|Any CPU = Debug|Any CPU
		Release|Any CPU = Release|Any CPU
	EndGlobalSection
	GlobalSection(ProjectConfigurationPlatforms) = postSolution
		{D6BABF9C-2CB1-4051-A03C-32D300777607}.Debug|Any CPU.ActiveCfg = Debug|Any CPU
		{D6BABF9C-2CB1-4051-A03C-32D300777607}.Debug|Any CPU.Build.0 = Debug|Any CPU
		{D6BABF9C-2CB1-4051-A03C-32D300777607}.Release|Any CPU.ActiveCfg = Release|Any CPU
		{D6BABF9C-2CB1-4051-A03C-32D300777607}.Release|Any CPU.Build.0 = Release|Any CPU
	EndGlobalSection
	GlobalSection(SolutionProperties) = preSolution
		HideSolutionNode = FALSE
	EndGlobalSection
	GlobalSection(ExtensibilityGlobals) = postSolution
		SolutionGuid = {26937581-6805-41A5-86BF-B9F76F05E857}
	EndGlobalSection
EndGlobal
