
Microsoft Visual Studio Solution File, Format Version 12.00
# Visual Studio Version 17
VisualStudioVersion = 17.3.32929.385
MinimumVisualStudioVersion = 10.0.40219.1
Project("{FAE04EC0-301F-11D3-BF4B-00C04F79EFBC}") = "Lab_1104_上課討論", "Lab_1104_上課討論\Lab_1104_上課討論.csproj", "{C3AA3C73-75E0-4839-B199-BA04915C86E6}"
EndProject
Global
	GlobalSection(SolutionConfigurationPlatforms) = preSolution
		Debug|Any CPU = Debug|Any CPU
		Release|Any CPU = Release|Any CPU
	EndGlobalSection
	GlobalSection(ProjectConfigurationPlatforms) = postSolution
		{C3AA3C73-75E0-4839-B199-BA04915C86E6}.Debug|Any CPU.ActiveCfg = Debug|Any CPU
		{C3AA3C73-75E0-4839-B199-BA04915C86E6}.Debug|Any CPU.Build.0 = Debug|Any CPU
		{C3AA3C73-75E0-4839-B199-BA04915C86E6}.Release|Any CPU.ActiveCfg = Release|Any CPU
		{C3AA3C73-75E0-4839-B199-BA04915C86E6}.Release|Any CPU.Build.0 = Release|Any CPU
	EndGlobalSection
	GlobalSection(SolutionProperties) = preSolution
		HideSolutionNode = FALSE
	EndGlobalSection
	GlobalSection(ExtensibilityGlobals) = postSolution
		SolutionGuid = {9E8E9C7D-C150-4853-8344-BF10795E2F9E}
	EndGlobalSection
EndGlobal
