
Microsoft Visual Studio Solution File, Format Version 12.00
# Visual Studio Version 17
VisualStudioVersion = 17.3.32929.385
MinimumVisualStudioVersion = 10.0.40219.1
Project("{FAE04EC0-301F-11D3-BF4B-00C04F79EFBC}") = "Lab1028_1", "Lab1028_1\Lab1028_1.csproj", "{A3AC7DDD-069E-415D-B438-BA58F7666F2C}"
EndProject
Global
	GlobalSection(SolutionConfigurationPlatforms) = preSolution
		Debug|Any CPU = Debug|Any CPU
		Release|Any CPU = Release|Any CPU
	EndGlobalSection
	GlobalSection(ProjectConfigurationPlatforms) = postSolution
		{A3AC7DDD-069E-415D-B438-BA58F7666F2C}.Debug|Any CPU.ActiveCfg = Debug|Any CPU
		{A3AC7DDD-069E-415D-B438-BA58F7666F2C}.Debug|Any CPU.Build.0 = Debug|Any CPU
		{A3AC7DDD-069E-415D-B438-BA58F7666F2C}.Release|Any CPU.ActiveCfg = Release|Any CPU
		{A3AC7DDD-069E-415D-B438-BA58F7666F2C}.Release|Any CPU.Build.0 = Release|Any CPU
	EndGlobalSection
	GlobalSection(SolutionProperties) = preSolution
		HideSolutionNode = FALSE
	EndGlobalSection
	GlobalSection(ExtensibilityGlobals) = postSolution
		SolutionGuid = {63D67996-0631-4455-9B32-67427A43132D}
	EndGlobalSection
EndGlobal
