
Microsoft Visual Studio Solution File, Format Version 12.00
# Visual Studio Version 17
VisualStudioVersion = 17.3.32929.385
MinimumVisualStudioVersion = 10.0.40219.1
Project("{FAE04EC0-301F-11D3-BF4B-00C04F79EFBC}") = "Lab_1102", "Lab_1102\Lab_1102.csproj", "{CA7E7A9D-674A-40B7-91FF-091AC9587A2D}"
EndProject
Global
	GlobalSection(SolutionConfigurationPlatforms) = preSolution
		Debug|Any CPU = Debug|Any CPU
		Release|Any CPU = Release|Any CPU
	EndGlobalSection
	GlobalSection(ProjectConfigurationPlatforms) = postSolution
		{CA7E7A9D-674A-40B7-91FF-091AC9587A2D}.Debug|Any CPU.ActiveCfg = Debug|Any CPU
		{CA7E7A9D-674A-40B7-91FF-091AC9587A2D}.Debug|Any CPU.Build.0 = Debug|Any CPU
		{CA7E7A9D-674A-40B7-91FF-091AC9587A2D}.Release|Any CPU.ActiveCfg = Release|Any CPU
		{CA7E7A9D-674A-40B7-91FF-091AC9587A2D}.Release|Any CPU.Build.0 = Release|Any CPU
	EndGlobalSection
	GlobalSection(SolutionProperties) = preSolution
		HideSolutionNode = FALSE
	EndGlobalSection
	GlobalSection(ExtensibilityGlobals) = postSolution
		SolutionGuid = {C681C037-54E4-4FD3-805C-4A41F2ECFCA9}
	EndGlobalSection
EndGlobal
