
Microsoft Visual Studio Solution File, Format Version 12.00
# Visual Studio Version 17
VisualStudioVersion = 17.3.32929.385
MinimumVisualStudioVersion = 10.0.40219.1
Project("{FAE04EC0-301F-11D3-BF4B-00C04F79EFBC}") = "ConsoleApp1", "ConsoleApp1\ConsoleApp1.csproj", "{835124C1-F65D-4E07-9745-A4CE0F92510E}"
EndProject
Global
	GlobalSection(SolutionConfigurationPlatforms) = preSolution
		Debug|Any CPU = Debug|Any CPU
		Release|Any CPU = Release|Any CPU
	EndGlobalSection
	GlobalSection(ProjectConfigurationPlatforms) = postSolution
		{835124C1-F65D-4E07-9745-A4CE0F92510E}.Debug|Any CPU.ActiveCfg = Debug|Any CPU
		{835124C1-F65D-4E07-9745-A4CE0F92510E}.Debug|Any CPU.Build.0 = Debug|Any CPU
		{835124C1-F65D-4E07-9745-A4CE0F92510E}.Release|Any CPU.ActiveCfg = Release|Any CPU
		{835124C1-F65D-4E07-9745-A4CE0F92510E}.Release|Any CPU.Build.0 = Release|Any CPU
	EndGlobalSection
	GlobalSection(SolutionProperties) = preSolution
		HideSolutionNode = FALSE
	EndGlobalSection
	GlobalSection(ExtensibilityGlobals) = postSolution
		SolutionGuid = {91E2549C-E79B-4FBB-897D-C52301538FCD}
	EndGlobalSection
EndGlobal
