
Microsoft Visual Studio Solution File, Format Version 12.00
# Visual Studio Version 17
VisualStudioVersion = 17.3.32929.385
MinimumVisualStudioVersion = 10.0.40219.1
Project("{FAE04EC0-301F-11D3-BF4B-00C04F79EFBC}") = "Lab_1107_v2", "Lab_1107_v2\Lab_1107_v2.csproj", "{67490785-9F3D-4611-A359-E42305815EB4}"
EndProject
Global
	GlobalSection(SolutionConfigurationPlatforms) = preSolution
		Debug|Any CPU = Debug|Any CPU
		Release|Any CPU = Release|Any CPU
	EndGlobalSection
	GlobalSection(ProjectConfigurationPlatforms) = postSolution
		{67490785-9F3D-4611-A359-E42305815EB4}.Debug|Any CPU.ActiveCfg = Debug|Any CPU
		{67490785-9F3D-4611-A359-E42305815EB4}.Debug|Any CPU.Build.0 = Debug|Any CPU
		{67490785-9F3D-4611-A359-E42305815EB4}.Release|Any CPU.ActiveCfg = Release|Any CPU
		{67490785-9F3D-4611-A359-E42305815EB4}.Release|Any CPU.Build.0 = Release|Any CPU
	EndGlobalSection
	GlobalSection(SolutionProperties) = preSolution
		HideSolutionNode = FALSE
	EndGlobalSection
	GlobalSection(ExtensibilityGlobals) = postSolution
		SolutionGuid = {32972732-414A-4BED-B273-8C401FFEB2AF}
	EndGlobalSection
EndGlobal
