
Microsoft Visual Studio Solution File, Format Version 12.00
# Visual Studio Version 17
VisualStudioVersion = 17.3.32929.385
MinimumVisualStudioVersion = 10.0.40219.1
Project("{FAE04EC0-301F-11D3-BF4B-00C04F79EFBC}") = "Lab_text_1110", "Lab_text_1110\Lab_text_1110.csproj", "{DC64144D-2E8D-4BFC-BBE0-2738E97BC147}"
EndProject
Global
	GlobalSection(SolutionConfigurationPlatforms) = preSolution
		Debug|Any CPU = Debug|Any CPU
		Release|Any CPU = Release|Any CPU
	EndGlobalSection
	GlobalSection(ProjectConfigurationPlatforms) = postSolution
		{DC64144D-2E8D-4BFC-BBE0-2738E97BC147}.Debug|Any CPU.ActiveCfg = Debug|Any CPU
		{DC64144D-2E8D-4BFC-BBE0-2738E97BC147}.Debug|Any CPU.Build.0 = Debug|Any CPU
		{DC64144D-2E8D-4BFC-BBE0-2738E97BC147}.Release|Any CPU.ActiveCfg = Release|Any CPU
		{DC64144D-2E8D-4BFC-BBE0-2738E97BC147}.Release|Any CPU.Build.0 = Release|Any CPU
	EndGlobalSection
	GlobalSection(SolutionProperties) = preSolution
		HideSolutionNode = FALSE
	EndGlobalSection
	GlobalSection(ExtensibilityGlobals) = postSolution
		SolutionGuid = {C760439A-0EEC-46E4-89BC-68A0B802C827}
	EndGlobalSection
EndGlobal
